
Microsoft Visual Studio Solution File, Format Version 12.00
# Visual Studio Version 17
VisualStudioVersion = 17.1.32421.90
MinimumVisualStudioVersion = 10.0.40219.1
Project("{9A19103F-16F7-4668-BE54-9A1E7A4F7556}") = "Chat.Api", "Chat.Api\Chat.Api.csproj", "{D5865529-5FCA-4533-A0C7-034202B805DB}"
EndProject
Project("{2150E333-8FDC-42A3-9474-1A3956D46DE8}") = "0 - Presentation", "0 - Presentation", "{DE73C6D2-18AD-4225-8753-4FFEDC37F640}"
EndProject
Project("{2150E333-8FDC-42A3-9474-1A3956D46DE8}") = "1 - Application", "1 - Application", "{4719A57B-3DB9-407F-8F1D-674D635479DB}"
EndProject
Project("{2150E333-8FDC-42A3-9474-1A3956D46DE8}") = "2 - Core", "2 - Core", "{A292610C-6D72-4324-A833-7D4747AF85E5}"
EndProject
Project("{2150E333-8FDC-42A3-9474-1A3956D46DE8}") = "3 - Infrastructure", "3 - Infrastructure", "{96CBF9DE-1410-47F3-B6F6-B6361510B497}"
EndProject
Project("{9A19103F-16F7-4668-BE54-9A1E7A4F7556}") = "Chat.Domain", "Chat.Domain\Chat.Domain.csproj", "{2648D9BB-A04C-4590-B515-910CA4B2B281}"
EndProject
Project("{9A19103F-16F7-4668-BE54-9A1E7A4F7556}") = "Chat.Application", "Chat.Application\Chat.Application.csproj", "{3D0A42F2-5048-4A7A-8F1A-81A71633C7F1}"
EndProject
Project("{9A19103F-16F7-4668-BE54-9A1E7A4F7556}") = "Chat.Infrastructure", "Chat.Infrastructure\Chat.Infrastructure.csproj", "{798BA134-68FA-4E8F-A3CC-6CDD211BCC43}"
EndProject
Project("{9A19103F-16F7-4668-BE54-9A1E7A4F7556}") = "Chat.DataContracts", "Chat.DataContracts\Chat.DataContracts.csproj", "{C04B2282-EED2-42CE-B437-7182E29C435F}"
EndProject
Project("{9A19103F-16F7-4668-BE54-9A1E7A4F7556}") = "Chat.Presentation", "Chat.Presentation\Chat.Presentation.csproj", "{87B18D99-E0EC-4BD9-A481-55D109042100}"
EndProject
Project("{FAE04EC0-301F-11D3-BF4B-00C04F79EFBC}") = "Chat.Share", "Chat.Share\Chat.Share.csproj", "{FD1ADFF4-0180-45E9-A64A-F122CD87A85A}"
EndProject
Project("{2150E333-8FDC-42A3-9474-1A3956D46DE8}") = "StockBot", "StockBot", "{C9532363-B32C-4683-9CEE-59DD7187D290}"
EndProject
Project("{FAE04EC0-301F-11D3-BF4B-00C04F79EFBC}") = "GetStockBot", "GetStockBot\GetStockBot.csproj", "{54706FB3-0ECA-464C-8C20-21F4DFB16E6C}"
EndProject
Global
	GlobalSection(SolutionConfigurationPlatforms) = preSolution
		Debug|Any CPU = Debug|Any CPU
		Release|Any CPU = Release|Any CPU
	EndGlobalSection
	GlobalSection(ProjectConfigurationPlatforms) = postSolution
		{D5865529-5FCA-4533-A0C7-034202B805DB}.Debug|Any CPU.ActiveCfg = Debug|Any CPU
		{D5865529-5FCA-4533-A0C7-034202B805DB}.Debug|Any CPU.Build.0 = Debug|Any CPU
		{D5865529-5FCA-4533-A0C7-034202B805DB}.Release|Any CPU.ActiveCfg = Release|Any CPU
		{D5865529-5FCA-4533-A0C7-034202B805DB}.Release|Any CPU.Build.0 = Release|Any CPU
		{2648D9BB-A04C-4590-B515-910CA4B2B281}.Debug|Any CPU.ActiveCfg = Debug|Any CPU
		{2648D9BB-A04C-4590-B515-910CA4B2B281}.Debug|Any CPU.Build.0 = Debug|Any CPU
		{2648D9BB-A04C-4590-B515-910CA4B2B281}.Release|Any CPU.ActiveCfg = Release|Any CPU
		{2648D9BB-A04C-4590-B515-910CA4B2B281}.Release|Any CPU.Build.0 = Release|Any CPU
		{3D0A42F2-5048-4A7A-8F1A-81A71633C7F1}.Debug|Any CPU.ActiveCfg = Debug|Any CPU
		{3D0A42F2-5048-4A7A-8F1A-81A71633C7F1}.Debug|Any CPU.Build.0 = Debug|Any CPU
		{3D0A42F2-5048-4A7A-8F1A-81A71633C7F1}.Release|Any CPU.ActiveCfg = Release|Any CPU
		{3D0A42F2-5048-4A7A-8F1A-81A71633C7F1}.Release|Any CPU.Build.0 = Release|Any CPU
		{798BA134-68FA-4E8F-A3CC-6CDD211BCC43}.Debug|Any CPU.ActiveCfg = Debug|Any CPU
		{798BA134-68FA-4E8F-A3CC-6CDD211BCC43}.Debug|Any CPU.Build.0 = Debug|Any CPU
		{798BA134-68FA-4E8F-A3CC-6CDD211BCC43}.Release|Any CPU.ActiveCfg = Release|Any CPU
		{798BA134-68FA-4E8F-A3CC-6CDD211BCC43}.Release|Any CPU.Build.0 = Release|Any CPU
		{C04B2282-EED2-42CE-B437-7182E29C435F}.Debug|Any CPU.ActiveCfg = Debug|Any CPU
		{C04B2282-EED2-42CE-B437-7182E29C435F}.Debug|Any CPU.Build.0 = Debug|Any CPU
		{C04B2282-EED2-42CE-B437-7182E29C435F}.Release|Any CPU.ActiveCfg = Release|Any CPU
		{C04B2282-EED2-42CE-B437-7182E29C435F}.Release|Any CPU.Build.0 = Release|Any CPU
		{87B18D99-E0EC-4BD9-A481-55D109042100}.Debug|Any CPU.ActiveCfg = Debug|Any CPU
		{87B18D99-E0EC-4BD9-A481-55D109042100}.Debug|Any CPU.Build.0 = Debug|Any CPU
		{87B18D99-E0EC-4BD9-A481-55D109042100}.Release|Any CPU.ActiveCfg = Release|Any CPU
		{87B18D99-E0EC-4BD9-A481-55D109042100}.Release|Any CPU.Build.0 = Release|Any CPU
		{FD1ADFF4-0180-45E9-A64A-F122CD87A85A}.Debug|Any CPU.ActiveCfg = Debug|Any CPU
		{FD1ADFF4-0180-45E9-A64A-F122CD87A85A}.Debug|Any CPU.Build.0 = Debug|Any CPU
		{FD1ADFF4-0180-45E9-A64A-F122CD87A85A}.Release|Any CPU.ActiveCfg = Release|Any CPU
		{FD1ADFF4-0180-45E9-A64A-F122CD87A85A}.Release|Any CPU.Build.0 = Release|Any CPU
		{54706FB3-0ECA-464C-8C20-21F4DFB16E6C}.Debug|Any CPU.ActiveCfg = Debug|Any CPU
		{54706FB3-0ECA-464C-8C20-21F4DFB16E6C}.Debug|Any CPU.Build.0 = Debug|Any CPU
		{54706FB3-0ECA-464C-8C20-21F4DFB16E6C}.Release|Any CPU.ActiveCfg = Release|Any CPU
		{54706FB3-0ECA-464C-8C20-21F4DFB16E6C}.Release|Any CPU.Build.0 = Release|Any CPU
	EndGlobalSection
	GlobalSection(SolutionProperties) = preSolution
		HideSolutionNode = FALSE
	EndGlobalSection
	GlobalSection(NestedProjects) = preSolution
		{D5865529-5FCA-4533-A0C7-034202B805DB} = {DE73C6D2-18AD-4225-8753-4FFEDC37F640}
		{2648D9BB-A04C-4590-B515-910CA4B2B281} = {A292610C-6D72-4324-A833-7D4747AF85E5}
		{3D0A42F2-5048-4A7A-8F1A-81A71633C7F1} = {4719A57B-3DB9-407F-8F1D-674D635479DB}
		{798BA134-68FA-4E8F-A3CC-6CDD211BCC43} = {96CBF9DE-1410-47F3-B6F6-B6361510B497}
		{C04B2282-EED2-42CE-B437-7182E29C435F} = {DE73C6D2-18AD-4225-8753-4FFEDC37F640}
		{87B18D99-E0EC-4BD9-A481-55D109042100} = {DE73C6D2-18AD-4225-8753-4FFEDC37F640}
		{FD1ADFF4-0180-45E9-A64A-F122CD87A85A} = {A292610C-6D72-4324-A833-7D4747AF85E5}
		{54706FB3-0ECA-464C-8C20-21F4DFB16E6C} = {C9532363-B32C-4683-9CEE-59DD7187D290}
	EndGlobalSection
	GlobalSection(ExtensibilityGlobals) = postSolution
		SolutionGuid = {1E0E4599-043A-4DA3-A8FE-319C3F07BBBD}
	EndGlobalSection
EndGlobal
